
Microsoft Visual Studio Solution File, Format Version 12.00
# Visual Studio Version 17
VisualStudioVersion = 17.7.33906.173
MinimumVisualStudioVersion = 10.0.40219.1
Project("{FAE04EC0-301F-11D3-BF4B-00C04F79EFBC}") = "Connect4Console", "Connect4Console.csproj", "{1983BC7A-FDA3-4E41-9A44-985FE373C435}"
EndProject
Global
	GlobalSection(SolutionConfigurationPlatforms) = preSolution
		Debug|Any CPU = Debug|Any CPU
		Release|Any CPU = Release|Any CPU
	EndGlobalSection
	GlobalSection(ProjectConfigurationPlatforms) = postSolution
		{1983BC7A-FDA3-4E41-9A44-985FE373C435}.Debug|Any CPU.ActiveCfg = Debug|Any CPU
		{1983BC7A-FDA3-4E41-9A44-985FE373C435}.Debug|Any CPU.Build.0 = Debug|Any CPU
		{1983BC7A-FDA3-4E41-9A44-985FE373C435}.Release|Any CPU.ActiveCfg = Release|Any CPU
		{1983BC7A-FDA3-4E41-9A44-985FE373C435}.Release|Any CPU.Build.0 = Release|Any CPU
	EndGlobalSection
	GlobalSection(SolutionProperties) = preSolution
		HideSolutionNode = FALSE
	EndGlobalSection
	GlobalSection(ExtensibilityGlobals) = postSolution
		SolutionGuid = {1C078582-B2DF-4AD4-BE7B-09D92749C2D8}
	EndGlobalSection
EndGlobal
